
Microsoft Visual Studio Solution File, Format Version 12.00
# Visual Studio 15
VisualStudioVersion = 15.0.27130.2020
MinimumVisualStudioVersion = 10.0.40219.1
Project("{9A19103F-16F7-4668-BE54-9A1E7A4F7556}") = "spectre-upload", "spectre-upload\spectre-upload.csproj", "{3801C19C-5595-4040-B172-87058B5DC543}"
EndProject
Global
	GlobalSection(SolutionConfigurationPlatforms) = preSolution
		Debug|Any CPU = Debug|Any CPU
		Release|Any CPU = Release|Any CPU
	EndGlobalSection
	GlobalSection(ProjectConfigurationPlatforms) = postSolution
		{3801C19C-5595-4040-B172-87058B5DC543}.Debug|Any CPU.ActiveCfg = Debug|Any CPU
		{3801C19C-5595-4040-B172-87058B5DC543}.Debug|Any CPU.Build.0 = Debug|Any CPU
		{3801C19C-5595-4040-B172-87058B5DC543}.Release|Any CPU.ActiveCfg = Release|Any CPU
		{3801C19C-5595-4040-B172-87058B5DC543}.Release|Any CPU.Build.0 = Release|Any CPU
	EndGlobalSection
	GlobalSection(SolutionProperties) = preSolution
		HideSolutionNode = FALSE
	EndGlobalSection
	GlobalSection(ExtensibilityGlobals) = postSolution
		SolutionGuid = {723A360C-01F3-4981-AE1B-D98BEB3FEE3F}
	EndGlobalSection
EndGlobal
